
Microsoft Visual Studio Solution File, Format Version 12.00
# Visual Studio 15
VisualStudioVersion = 15.0.28010.2036
MinimumVisualStudioVersion = 10.0.40219.1
Project("{FAE04EC0-301F-11D3-BF4B-00C04F79EFBC}") = "Task 1", "Task 1\Task 1.csproj", "{A7EED7BA-786F-4F92-AF2E-093F0498C9AD}"
EndProject
Project("{FAE04EC0-301F-11D3-BF4B-00C04F79EFBC}") = "Task 2", "Task 2\Task 2.csproj", "{E9C526AD-7B61-4D94-B45E-A1F44C1AD170}"
EndProject
Project("{FAE04EC0-301F-11D3-BF4B-00C04F79EFBC}") = "Dairy", "Dairy\Dairy.csproj", "{6590CC8B-508F-4AC6-9805-4DE354F0A05C}"
EndProject
Global
	GlobalSection(SolutionConfigurationPlatforms) = preSolution
		Debug|Any CPU = Debug|Any CPU
		Release|Any CPU = Release|Any CPU
	EndGlobalSection
	GlobalSection(ProjectConfigurationPlatforms) = postSolution
		{A7EED7BA-786F-4F92-AF2E-093F0498C9AD}.Debug|Any CPU.ActiveCfg = Debug|Any CPU
		{A7EED7BA-786F-4F92-AF2E-093F0498C9AD}.Debug|Any CPU.Build.0 = Debug|Any CPU
		{A7EED7BA-786F-4F92-AF2E-093F0498C9AD}.Release|Any CPU.ActiveCfg = Release|Any CPU
		{A7EED7BA-786F-4F92-AF2E-093F0498C9AD}.Release|Any CPU.Build.0 = Release|Any CPU
		{E9C526AD-7B61-4D94-B45E-A1F44C1AD170}.Debug|Any CPU.ActiveCfg = Debug|Any CPU
		{E9C526AD-7B61-4D94-B45E-A1F44C1AD170}.Debug|Any CPU.Build.0 = Debug|Any CPU
		{E9C526AD-7B61-4D94-B45E-A1F44C1AD170}.Release|Any CPU.ActiveCfg = Release|Any CPU
		{E9C526AD-7B61-4D94-B45E-A1F44C1AD170}.Release|Any CPU.Build.0 = Release|Any CPU
		{6590CC8B-508F-4AC6-9805-4DE354F0A05C}.Debug|Any CPU.ActiveCfg = Debug|Any CPU
		{6590CC8B-508F-4AC6-9805-4DE354F0A05C}.Debug|Any CPU.Build.0 = Debug|Any CPU
		{6590CC8B-508F-4AC6-9805-4DE354F0A05C}.Release|Any CPU.ActiveCfg = Release|Any CPU
		{6590CC8B-508F-4AC6-9805-4DE354F0A05C}.Release|Any CPU.Build.0 = Release|Any CPU
	EndGlobalSection
	GlobalSection(SolutionProperties) = preSolution
		HideSolutionNode = FALSE
	EndGlobalSection
	GlobalSection(ExtensibilityGlobals) = postSolution
		SolutionGuid = {30152D42-3EAA-4A5A-8148-C17CF25655A8}
	EndGlobalSection
EndGlobal
